
Microsoft Visual Studio Solution File, Format Version 12.00
# Visual Studio Version 16
VisualStudioVersion = 16.0.30104.148
MinimumVisualStudioVersion = 10.0.40219.1
Project("{FAE04EC0-301F-11D3-BF4B-00C04F79EFBC}") = "patpatware", "patpatware\patpatware.csproj", "{3CD25E93-F5C9-402C-8BCB-EE750AAF4507}"
EndProject
Global
	GlobalSection(SolutionConfigurationPlatforms) = preSolution
		Debug|Any CPU = Debug|Any CPU
		Release|Any CPU = Release|Any CPU
	EndGlobalSection
	GlobalSection(ProjectConfigurationPlatforms) = postSolution
		{3CD25E93-F5C9-402C-8BCB-EE750AAF4507}.Debug|Any CPU.ActiveCfg = Debug|Any CPU
		{3CD25E93-F5C9-402C-8BCB-EE750AAF4507}.Debug|Any CPU.Build.0 = Debug|Any CPU
		{3CD25E93-F5C9-402C-8BCB-EE750AAF4507}.Release|Any CPU.ActiveCfg = Release|Any CPU
		{3CD25E93-F5C9-402C-8BCB-EE750AAF4507}.Release|Any CPU.Build.0 = Release|Any CPU
	EndGlobalSection
	GlobalSection(SolutionProperties) = preSolution
		HideSolutionNode = FALSE
	EndGlobalSection
	GlobalSection(ExtensibilityGlobals) = postSolution
		SolutionGuid = {DF3DC255-51CB-4A5B-B4FE-61652E81C9F6}
	EndGlobalSection
EndGlobal
